
Microsoft Visual Studio Solution File, Format Version 12.00
# Visual Studio Version 16
VisualStudioVersion = 16.0.30104.148
MinimumVisualStudioVersion = 10.0.40219.1
Project("{FAE04EC0-301F-11D3-BF4B-00C04F79EFBC}") = "IGDB.DotNet.Models", "IGDB.DotNet.Models\IGDB.DotNet.Models.csproj", "{12124F81-8C9E-4004-8E5C-23DC487CA1AA}"
EndProject
Global
	GlobalSection(SolutionConfigurationPlatforms) = preSolution
		Debug|Any CPU = Debug|Any CPU
		Release|Any CPU = Release|Any CPU
	EndGlobalSection
	GlobalSection(ProjectConfigurationPlatforms) = postSolution
		{12124F81-8C9E-4004-8E5C-23DC487CA1AA}.Debug|Any CPU.ActiveCfg = Debug|Any CPU
		{12124F81-8C9E-4004-8E5C-23DC487CA1AA}.Debug|Any CPU.Build.0 = Debug|Any CPU
		{12124F81-8C9E-4004-8E5C-23DC487CA1AA}.Release|Any CPU.ActiveCfg = Release|Any CPU
		{12124F81-8C9E-4004-8E5C-23DC487CA1AA}.Release|Any CPU.Build.0 = Release|Any CPU
	EndGlobalSection
	GlobalSection(SolutionProperties) = preSolution
		HideSolutionNode = FALSE
	EndGlobalSection
	GlobalSection(ExtensibilityGlobals) = postSolution
		SolutionGuid = {56C34275-70E0-43C8-B2B2-5BBA7F6C8271}
	EndGlobalSection
EndGlobal
